
Microsoft Visual Studio Solution File, Format Version 12.00
# Visual Studio 2013
VisualStudioVersion = 12.0.30501.0
MinimumVisualStudioVersion = 10.0.40219.1
Project("{FAE04EC0-301F-11D3-BF4B-00C04F79EFBC}") = "HelloMessageWApp", "HelloMessageWApp\HelloMessageWApp.csproj", "{D7ECCD78-E042-4717-949F-205148D5C327}"
EndProject
Project("{FAE04EC0-301F-11D3-BF4B-00C04F79EFBC}") = "AccessWebservice", "AccessWebservice\AccessWebservice.csproj", "{D5C3DB9A-3EBB-4245-B990-274136796641}"
	ProjectSection(ProjectDependencies) = postProject
		{D7ECCD78-E042-4717-949F-205148D5C327} = {D7ECCD78-E042-4717-949F-205148D5C327}
	EndProjectSection
EndProject
Global
	GlobalSection(SolutionConfigurationPlatforms) = preSolution
		Debug|Any CPU = Debug|Any CPU
		Release|Any CPU = Release|Any CPU
	EndGlobalSection
	GlobalSection(ProjectConfigurationPlatforms) = postSolution
		{D7ECCD78-E042-4717-949F-205148D5C327}.Debug|Any CPU.ActiveCfg = Debug|Any CPU
		{D7ECCD78-E042-4717-949F-205148D5C327}.Debug|Any CPU.Build.0 = Debug|Any CPU
		{D7ECCD78-E042-4717-949F-205148D5C327}.Release|Any CPU.ActiveCfg = Release|Any CPU
		{D7ECCD78-E042-4717-949F-205148D5C327}.Release|Any CPU.Build.0 = Release|Any CPU
		{D5C3DB9A-3EBB-4245-B990-274136796641}.Debug|Any CPU.ActiveCfg = Debug|Any CPU
		{D5C3DB9A-3EBB-4245-B990-274136796641}.Debug|Any CPU.Build.0 = Debug|Any CPU
		{D5C3DB9A-3EBB-4245-B990-274136796641}.Release|Any CPU.ActiveCfg = Release|Any CPU
		{D5C3DB9A-3EBB-4245-B990-274136796641}.Release|Any CPU.Build.0 = Release|Any CPU
	EndGlobalSection
	GlobalSection(SolutionProperties) = preSolution
		HideSolutionNode = FALSE
	EndGlobalSection
EndGlobal
